
Microsoft Visual Studio Solution File, Format Version 12.00
# Visual Studio 15
VisualStudioVersion = 15.0.28307.572
MinimumVisualStudioVersion = 10.0.40219.1
Project("{8BC9CEB8-8B4A-11D0-8D11-00A0C91BC942}") = "Project1", "Project1\Project1.vcxproj", "{AEE3B564-143A-48DB-9649-35D34FD0B9F2}"
EndProject
Global
	GlobalSection(SolutionConfigurationPlatforms) = preSolution
		Debug|x64 = Debug|x64
		Debug|x86 = Debug|x86
		Release|x64 = Release|x64
		Release|x86 = Release|x86
	EndGlobalSection
	GlobalSection(ProjectConfigurationPlatforms) = postSolution
		{AEE3B564-143A-48DB-9649-35D34FD0B9F2}.Debug|x64.ActiveCfg = Debug|x64
		{AEE3B564-143A-48DB-9649-35D34FD0B9F2}.Debug|x64.Build.0 = Debug|x64
		{AEE3B564-143A-48DB-9649-35D34FD0B9F2}.Debug|x86.ActiveCfg = Debug|Win32
		{AEE3B564-143A-48DB-9649-35D34FD0B9F2}.Debug|x86.Build.0 = Debug|Win32
		{AEE3B564-143A-48DB-9649-35D34FD0B9F2}.Release|x64.ActiveCfg = Release|x64
		{AEE3B564-143A-48DB-9649-35D34FD0B9F2}.Release|x64.Build.0 = Release|x64
		{AEE3B564-143A-48DB-9649-35D34FD0B9F2}.Release|x86.ActiveCfg = Release|Win32
		{AEE3B564-143A-48DB-9649-35D34FD0B9F2}.Release|x86.Build.0 = Release|Win32
	EndGlobalSection
	GlobalSection(SolutionProperties) = preSolution
		HideSolutionNode = FALSE
	EndGlobalSection
	GlobalSection(ExtensibilityGlobals) = postSolution
		SolutionGuid = {FD24D6DB-FB0E-44F3-8D8F-E33144D1B79D}
	EndGlobalSection
EndGlobal
